{
  "name": "realtime-spotify-clone-master",
  "version": "1.0.0",
  "lockfileVersion": 3,
  "requires": true,
  "packages": {
    "": {
      "name": "realtime-spotify-clone-master",
      "version": "1.0.0",
      "license": "ISC",
      "dependencies": {
        "realtime-spotify-clone-master": "file:"
      }
    },
    "node_modules/realtime-spotify-clone-master": {
      "resolved": "",
      "link": true
    }
  }
}
